
Microsoft Visual Studio Solution File, Format Version 12.00
# Visual Studio Version 16
VisualStudioVersion = 16.0.30717.126
MinimumVisualStudioVersion = 10.0.40219.1
Project("{FAE04EC0-301F-11D3-BF4B-00C04F79EFBC}") = "RepoSDeneme2", "RepoSDeneme2\RepoSDeneme2.csproj", "{2AA013D0-E19E-4B3B-B485-BBB971033608}"
EndProject
Global
	GlobalSection(SolutionConfigurationPlatforms) = preSolution
		Debug|Any CPU = Debug|Any CPU
		Release|Any CPU = Release|Any CPU
	EndGlobalSection
	GlobalSection(ProjectConfigurationPlatforms) = postSolution
		{2AA013D0-E19E-4B3B-B485-BBB971033608}.Debug|Any CPU.ActiveCfg = Debug|Any CPU
		{2AA013D0-E19E-4B3B-B485-BBB971033608}.Debug|Any CPU.Build.0 = Debug|Any CPU
		{2AA013D0-E19E-4B3B-B485-BBB971033608}.Release|Any CPU.ActiveCfg = Release|Any CPU
		{2AA013D0-E19E-4B3B-B485-BBB971033608}.Release|Any CPU.Build.0 = Release|Any CPU
	EndGlobalSection
	GlobalSection(SolutionProperties) = preSolution
		HideSolutionNode = FALSE
	EndGlobalSection
	GlobalSection(ExtensibilityGlobals) = postSolution
		SolutionGuid = {A7D7CB35-E26E-4876-A778-3A85B5C52BC7}
	EndGlobalSection
EndGlobal
